
Microsoft Visual Studio Solution File, Format Version 12.00
# Visual Studio Version 16
VisualStudioVersion = 16.0.30621.155
MinimumVisualStudioVersion = 10.0.40219.1
Project("{FAE04EC0-301F-11D3-BF4B-00C04F79EFBC}") = "deneme", "deneme\deneme.csproj", "{C3A5FCAE-15C6-4822-940F-4FA4D096E36C}"
EndProject
Global
	GlobalSection(SolutionConfigurationPlatforms) = preSolution
		Debug|Any CPU = Debug|Any CPU
		Release|Any CPU = Release|Any CPU
	EndGlobalSection
	GlobalSection(ProjectConfigurationPlatforms) = postSolution
		{C3A5FCAE-15C6-4822-940F-4FA4D096E36C}.Debug|Any CPU.ActiveCfg = Debug|Any CPU
		{C3A5FCAE-15C6-4822-940F-4FA4D096E36C}.Debug|Any CPU.Build.0 = Debug|Any CPU
		{C3A5FCAE-15C6-4822-940F-4FA4D096E36C}.Release|Any CPU.ActiveCfg = Release|Any CPU
		{C3A5FCAE-15C6-4822-940F-4FA4D096E36C}.Release|Any CPU.Build.0 = Release|Any CPU
	EndGlobalSection
	GlobalSection(SolutionProperties) = preSolution
		HideSolutionNode = FALSE
	EndGlobalSection
	GlobalSection(ExtensibilityGlobals) = postSolution
		SolutionGuid = {3E4C7923-15B9-476A-B86B-C9D075C20A26}
	EndGlobalSection
EndGlobal
